
Microsoft Visual Studio Solution File, Format Version 12.00
Project("{FAE04EC0-301F-11D3-BF4B-00C04F79EFBC}") = "Skylines-UX-Client", "..\Skylines-UX-Client\Skylines-UX-Client.csproj", "{2B329B1F-23BF-4853-8016-28FA0D227FBD}"
EndProject
Global
	GlobalSection(SolutionConfigurationPlatforms) = preSolution
		Debug|Any CPU = Debug|Any CPU
		Release|Any CPU = Release|Any CPU
	EndGlobalSection
	GlobalSection(ProjectConfigurationPlatforms) = postSolution
		{2B329B1F-23BF-4853-8016-28FA0D227FBD}.Debug|Any CPU.ActiveCfg = Debug|Any CPU
		{2B329B1F-23BF-4853-8016-28FA0D227FBD}.Debug|Any CPU.Build.0 = Debug|Any CPU
		{2B329B1F-23BF-4853-8016-28FA0D227FBD}.Release|Any CPU.ActiveCfg = Release|Any CPU
		{2B329B1F-23BF-4853-8016-28FA0D227FBD}.Release|Any CPU.Build.0 = Release|Any CPU
	EndGlobalSection
EndGlobal
